{
  "requires": true,
  "lockfileVersion": 1,
  "dependencies": {
    "@angular/animations": {
      "version": "7.2.13",
      "resolved": "https://registry.npmjs.org/@angular/animations/-/animations-7.2.13.tgz",
      "integrity": "sha512-Z0g0DthJnxTZ0dUc5BlojMq/0XIikhWzTqq0ym8w3G6jqBJD0OJ0jRCIfV0Leqlgzq6Jzvdrx0/JngBiKi5+uA==",
      "requires": {
        "tslib": "^1.9.0"
      }
    },
    "@angular/cdk": {
      "version": "7.3.7",
      "resolved": "https://registry.npmjs.org/@angular/cdk/-/cdk-7.3.7.tgz",
      "integrity": "sha512-xbXxhHHKGkVuW6K7pzPmvpJXIwpl0ykBnvA2g+/7Sgy5Pd35wCC+UtHD9RYczDM/mkygNxMQtagyCErwFnDtQA==",
      "requires": {
        "parse5": "^5.0.0",
        "tslib": "^1.7.1"
      }
    },
    "@angular/material": {
      "version": "7.3.7",
      "resolved": "https://registry.npmjs.org/@angular/material/-/material-7.3.7.tgz",
      "integrity": "sha512-Eq+7frkeNGkLOfEtmkmJgR+AgoWajOipXZWWfCSamNfpCcPof82DwvGOpAmgGni9FuN2XFQdqP5MoaffQzIvUA==",
      "requires": {
        "tslib": "^1.7.1"
      }
    },
    "@ng-bootstrap/ng-bootstrap": {
      "version": "4.1.1",
      "resolved": "https://registry.npmjs.org/@ng-bootstrap/ng-bootstrap/-/ng-bootstrap-4.1.1.tgz",
      "integrity": "sha512-OgbmPVhbDdNpIwogEXsycUJG0caNtb2+wCABfLUClgi9YcfNXhZ9Phu2GQq7Pk/LO66okth6s77RBQnbTJuysg==",
      "requires": {
        "tslib": "^1.9.0"
      }
    },
    "@types/html2canvas": {
      "version": "0.0.35",
      "resolved": "https://registry.npmjs.org/@types/html2canvas/-/html2canvas-0.0.35.tgz",
      "integrity": "sha512-28p0/yNwXnvGWQK3rEIBj7NHNQoBXuX0ymcCNjSYR/i0Vk9z+xrKCQZPvsrEmurx9vs4B/eHGbOaJY/a9CXdSg==",
      "requires": {
        "@types/jquery": "*"
      }
    },
    "@types/jquery": {
      "version": "3.3.29",
      "resolved": "https://registry.npmjs.org/@types/jquery/-/jquery-3.3.29.tgz",
      "integrity": "sha512-FhJvBninYD36v3k6c+bVk1DSZwh7B5Dpb/Pyk3HKVsiohn0nhbefZZ+3JXbWQhFyt0MxSl2jRDdGQPHeOHFXrQ==",
      "requires": {
        "@types/sizzle": "*"
      }
    },
    "@types/lodash": {
      "version": "4.14.123",
      "resolved": "https://registry.npmjs.org/@types/lodash/-/lodash-4.14.123.tgz",
      "integrity": "sha512-pQvPkc4Nltyx7G1Ww45OjVqUsJP4UsZm+GWJpigXgkikZqJgRm4c48g027o6tdgubWHwFRF15iFd+Y4Pmqv6+Q=="
    },
    "@types/lodash.isequal": {
      "version": "4.5.5",
      "resolved": "https://registry.npmjs.org/@types/lodash.isequal/-/lodash.isequal-4.5.5.tgz",
      "integrity": "sha512-4IKbinG7MGP131wRfceK6W4E/Qt3qssEFLF30LnJbjYiSfHGGRU/Io8YxXrZX109ir+iDETC8hw8QsDijukUVg==",
      "requires": {
        "@types/lodash": "*"
      }
    },
    "@types/sizzle": {
      "version": "2.3.2",
      "resolved": "https://registry.npmjs.org/@types/sizzle/-/sizzle-2.3.2.tgz",
      "integrity": "sha512-7EJYyKTL7tFR8+gDbB6Wwz/arpGa0Mywk1TJbNzKzHtzbwVmY4HR9WqS5VV7dsBUKQmPNr192jHr/VpBluj/hg=="
    },
    "base64-arraybuffer": {
      "version": "0.1.5",
      "resolved": "https://registry.npmjs.org/base64-arraybuffer/-/base64-arraybuffer-0.1.5.tgz",
      "integrity": "sha1-c5JncZI7Whl0etZmqlzUv5xunOg="
    },
    "bootstrap": {
      "version": "4.3.1",
      "resolved": "https://registry.npmjs.org/bootstrap/-/bootstrap-4.3.1.tgz",
      "integrity": "sha512-rXqOmH1VilAt2DyPzluTi2blhk17bO7ef+zLLPlWvG494pDxcM234pJ8wTc/6R40UWizAIIMgxjvxZg5kmsbag=="
    },
    "css-line-break": {
      "version": "1.0.1",
      "resolved": "https://registry.npmjs.org/css-line-break/-/css-line-break-1.0.1.tgz",
      "integrity": "sha1-GfIGOjPpX7KDG4ZEbAuAwYivRQo=",
      "requires": {
        "base64-arraybuffer": "^0.1.5"
      }
    },
    "html2canvas": {
      "version": "1.0.0-rc.1",
      "resolved": "https://registry.npmjs.org/html2canvas/-/html2canvas-1.0.0-rc.1.tgz",
      "integrity": "sha512-ImguLJ3goQnY0P6z7n6VqBZ+ViS77Hv6J7iYXBxvdb3NWz3s8/mqr4/Lj0OlMUb3ID+qCQ1BPLIBuRMqhgqvYg==",
      "requires": {
        "css-line-break": "1.0.1"
      }
    },
    "lodash.isequal": {
      "version": "4.5.0",
      "resolved": "https://registry.npmjs.org/lodash.isequal/-/lodash.isequal-4.5.0.tgz",
      "integrity": "sha1-QVxEePK8wwEgwizhDtMib30+GOA="
    },
    "ng2-carouselamos": {
      "version": "3.2.0",
      "resolved": "https://registry.npmjs.org/ng2-carouselamos/-/ng2-carouselamos-3.2.0.tgz",
      "integrity": "sha512-WG5rNL84vo89e5038AqFrvapBVqz2BjRGv2vduJd6OR+Nt/RPfFyEDQd8SfNqHlNAmZqpnCK7puAUldDjcqh7g==",
      "requires": {
        "@types/lodash.isequal": "^4.5.2",
        "lodash.isequal": "^4.5.0"
      }
    },
    "nodemailer": {
      "version": "6.1.0",
      "resolved": "https://registry.npmjs.org/nodemailer/-/nodemailer-6.1.0.tgz",
      "integrity": "sha512-mzKGT5Q1PY84v6oRVjy88ymMDLUbPqvIr26n9Uy3j2nXzdhKWx1z4GLSHOyX8655zMkQng1MFR3lK+cE1egS6Q=="
    },
    "parse5": {
      "version": "5.1.0",
      "resolved": "https://registry.npmjs.org/parse5/-/parse5-5.1.0.tgz",
      "integrity": "sha512-fxNG2sQjHvlVAYmzBZS9YlDp6PTSSDwa98vkD4QgVDDCAo84z5X1t5XyJQ62ImdLXx5NdIIfihey6xpum9/gRQ=="
    },
    "tslib": {
      "version": "1.9.3",
      "resolved": "https://registry.npmjs.org/tslib/-/tslib-1.9.3.tgz",
      "integrity": "sha512-4krF8scpejhaOgqzBEcGM7yDIEfi0/8+8zDRZhNZZ2kjmHJ4hv3zCbQWxoJGz1iw5U0Jl0nma13xzHXcncMavQ=="
    }
  }
}
